// !$*UTF8*$!
{
	archiveVersion = 1;
	classes = {
	};
	objectVersion = 46;
	objects = {

/* Begin PBXBuildFile section */
		9E06636E178C3C7F00B3E974 /* NSObject+SBJSON.m in Sources */ = {isa = PBXBuildFile; fileRef = 9E066363178C3C7F00B3E974 /* NSObject+SBJSON.m */; settings = {COMPILER_FLAGS = "-fno-objc-arc"; }; };
		9E06636F178C3C7F00B3E974 /* NSString+SBJSON.m in Sources */ = {isa = PBXBuildFile; fileRef = 9E066365178C3C7F00B3E974 /* NSString+SBJSON.m */; settings = {COMPILER_FLAGS = "-fno-objc-arc"; }; };
		9E066370178C3C7F00B3E974 /* SBJSON.m in Sources */ = {isa = PBXBuildFile; fileRef = 9E066367178C3C7F00B3E974 /* SBJSON.m */; settings = {COMPILER_FLAGS = "-fno-objc-arc"; }; };
		9E066371178C3C7F00B3E974 /* SBJsonBase.m in Sources */ = {isa = PBXBuildFile; fileRef = 9E066369178C3C7F00B3E974 /* SBJsonBase.m */; settings = {COMPILER_FLAGS = "-fno-objc-arc"; }; };
		9E066372178C3C7F00B3E974 /* SBJsonParser.m in Sources */ = {isa = PBXBuildFile; fileRef = 9E06636B178C3C7F00B3E974 /* SBJsonParser.m */; settings = {COMPILER_FLAGS = "-fno-objc-arc"; }; };
		9E066373178C3C7F00B3E974 /* SBJsonWriter.m in Sources */ = {isa = PBXBuildFile; fileRef = 9E06636D178C3C7F00B3E974 /* SBJsonWriter.m */; settings = {COMPILER_FLAGS = "-fno-objc-arc"; }; };
		9E066377178C3EFF00B3E974 /* User.m in Sources */ = {isa = PBXBuildFile; fileRef = 9E066376178C3EFF00B3E974 /* User.m */; };
		9E06637A178C407300B3E974 /* Prediction.m in Sources */ = {isa = PBXBuildFile; fileRef = 9E066379178C407300B3E974 /* Prediction.m */; };
		9E06637D178C560000B3E974 /* Topic.m in Sources */ = {isa = PBXBuildFile; fileRef = 9E06637C178C560000B3E974 /* Topic.m */; };
		9E066380178EAE2000B3E974 /* PredictionsWebRequest.m in Sources */ = {isa = PBXBuildFile; fileRef = 9E06637F178EAE2000B3E974 /* PredictionsWebRequest.m */; };
		9E066383179026B200B3E974 /* LoginWebRequest.m in Sources */ = {isa = PBXBuildFile; fileRef = 9E066382179026B200B3E974 /* LoginWebRequest.m */; };
		9E066386179038FE00B3E974 /* SignUpRequest.m in Sources */ = {isa = PBXBuildFile; fileRef = 9E066385179038FE00B3E974 /* SignUpRequest.m */; };
		9E06638917903C3A00B3E974 /* AddPredictionRequest.m in Sources */ = {isa = PBXBuildFile; fileRef = 9E06638817903C3A00B3E974 /* AddPredictionRequest.m */; };
		9E06639417959A2100B3E974 /* greenBg.png in Resources */ = {isa = PBXBuildFile; fileRef = 9E06639017959A2100B3E974 /* greenBg.png */; };
		9E06639517959A2100B3E974 /* greenBg@2x.png in Resources */ = {isa = PBXBuildFile; fileRef = 9E06639117959A2100B3E974 /* greenBg@2x.png */; };
		9E06639617959A2100B3E974 /* knoda_logo_lg.png in Resources */ = {isa = PBXBuildFile; fileRef = 9E06639217959A2100B3E974 /* knoda_logo_lg.png */; };
		9E06639717959A2100B3E974 /* knoda_logo_lg@2x.png in Resources */ = {isa = PBXBuildFile; fileRef = 9E06639317959A2100B3E974 /* knoda_logo_lg@2x.png */; };
		9E06639A17959A4C00B3E974 /* HelveticaNeue.dfont in Resources */ = {isa = PBXBuildFile; fileRef = 9E06639817959A4C00B3E974 /* HelveticaNeue.dfont */; };
		9E06639B17959A4C00B3E974 /* KronaOne-Regular.ttf in Resources */ = {isa = PBXBuildFile; fileRef = 9E06639917959A4C00B3E974 /* KronaOne-Regular.ttf */; };
		9E5792461795A43300979928 /* circleArrow.png in Resources */ = {isa = PBXBuildFile; fileRef = 9E5792441795A43300979928 /* circleArrow.png */; };
		9E5792471795A43300979928 /* circleArrow@2x.png in Resources */ = {isa = PBXBuildFile; fileRef = 9E5792451795A43300979928 /* circleArrow@2x.png */; };
		9E57924A1795A4D500979928 /* knoda_logo_sm.png in Resources */ = {isa = PBXBuildFile; fileRef = 9E5792481795A4D500979928 /* knoda_logo_sm.png */; };
		9E57924B1795A4D500979928 /* knoda_logo_sm@2x.png in Resources */ = {isa = PBXBuildFile; fileRef = 9E5792491795A4D500979928 /* knoda_logo_sm@2x.png */; };
		9E57924E1795A8D300979928 /* LoginViewController.m in Sources */ = {isa = PBXBuildFile; fileRef = 9E57924D1795A8D300979928 /* LoginViewController.m */; };
		9E5792521796C3B900979928 /* CustomizedTextField.m in Sources */ = {isa = PBXBuildFile; fileRef = 9E5792511796C3B900979928 /* CustomizedTextField.m */; };
		9E57925B1796E04D00979928 /* btn_login_green.png in Resources */ = {isa = PBXBuildFile; fileRef = 9E5792531796E04D00979928 /* btn_login_green.png */; };
		9E57925C1796E04D00979928 /* btn_login_green@2x.png in Resources */ = {isa = PBXBuildFile; fileRef = 9E5792541796E04D00979928 /* btn_login_green@2x.png */; };
		9E57925D1796E04D00979928 /* btn_login_light.png in Resources */ = {isa = PBXBuildFile; fileRef = 9E5792551796E04D00979928 /* btn_login_light.png */; };
		9E57925E1796E04D00979928 /* btn_login_light@2x.png in Resources */ = {isa = PBXBuildFile; fileRef = 9E5792561796E04D00979928 /* btn_login_light@2x.png */; };
		9E57925F1796E04D00979928 /* btn_signup_gray.png in Resources */ = {isa = PBXBuildFile; fileRef = 9E5792571796E04D00979928 /* btn_signup_gray.png */; };
		9E5792601796E04D00979928 /* btn_signup_gray@2x.png in Resources */ = {isa = PBXBuildFile; fileRef = 9E5792581796E04D00979928 /* btn_signup_gray@2x.png */; };
		9E5792611796E04D00979928 /* btn_signup_green.png in Resources */ = {isa = PBXBuildFile; fileRef = 9E5792591796E04D00979928 /* btn_signup_green.png */; };
		9E5792621796E04D00979928 /* btn_signup_green@2x.png in Resources */ = {isa = PBXBuildFile; fileRef = 9E57925A1796E04D00979928 /* btn_signup_green@2x.png */; };
		9E5792651798345400979928 /* errormessage.png in Resources */ = {isa = PBXBuildFile; fileRef = 9E5792631798345400979928 /* errormessage.png */; };
		9E5792661798345400979928 /* errormessage@2x.png in Resources */ = {isa = PBXBuildFile; fileRef = 9E5792641798345400979928 /* errormessage@2x.png */; };
		9E57926D17983CE300979928 /* field_btm.png in Resources */ = {isa = PBXBuildFile; fileRef = 9E57926717983CE200979928 /* field_btm.png */; };
		9E57926E17983CE300979928 /* field_btm@2x.png in Resources */ = {isa = PBXBuildFile; fileRef = 9E57926817983CE200979928 /* field_btm@2x.png */; };
		9E57926F17983CE300979928 /* field_middle.png in Resources */ = {isa = PBXBuildFile; fileRef = 9E57926917983CE300979928 /* field_middle.png */; };
		9E57927017983CE300979928 /* field_middle@2x.png in Resources */ = {isa = PBXBuildFile; fileRef = 9E57926A17983CE300979928 /* field_middle@2x.png */; };
		9E57927117983CE300979928 /* field_top.png in Resources */ = {isa = PBXBuildFile; fileRef = 9E57926B17983CE300979928 /* field_top.png */; };
		9E57927217983CE300979928 /* field_top@2x.png in Resources */ = {isa = PBXBuildFile; fileRef = 9E57926C17983CE300979928 /* field_top@2x.png */; };
		9E57927B179841B100979928 /* down_login_small.png in Resources */ = {isa = PBXBuildFile; fileRef = 9E579273179841AF00979928 /* down_login_small.png */; };
		9E57927C179841B100979928 /* down_login_small@2x.png in Resources */ = {isa = PBXBuildFile; fileRef = 9E579274179841AF00979928 /* down_login_small@2x.png */; };
		9E57927D179841B100979928 /* down_login.png in Resources */ = {isa = PBXBuildFile; fileRef = 9E579275179841AF00979928 /* down_login.png */; };
		9E57927E179841B100979928 /* down_login@2x.png in Resources */ = {isa = PBXBuildFile; fileRef = 9E579276179841AF00979928 /* down_login@2x.png */; };
		9E57927F179841B100979928 /* down_signup_small.png in Resources */ = {isa = PBXBuildFile; fileRef = 9E579277179841B000979928 /* down_signup_small.png */; };
		9E579280179841B100979928 /* down_signup_small@2x.png in Resources */ = {isa = PBXBuildFile; fileRef = 9E579278179841B000979928 /* down_signup_small@2x.png */; };
		9E579281179841B100979928 /* down_signup.png in Resources */ = {isa = PBXBuildFile; fileRef = 9E579279179841B000979928 /* down_signup.png */; };
		9E579282179841B100979928 /* down_signup@2x.png in Resources */ = {isa = PBXBuildFile; fileRef = 9E57927A179841B000979928 /* down_signup@2x.png */; };
		9E5792851798466100979928 /* SignUpViewController.m in Sources */ = {isa = PBXBuildFile; fileRef = 9E5792841798466100979928 /* SignUpViewController.m */; };
		9E579288179971F100979928 /* headerBar.png in Resources */ = {isa = PBXBuildFile; fileRef = 9E579286179971F000979928 /* headerBar.png */; };
		9E579289179971F100979928 /* headerBar@2x.png in Resources */ = {isa = PBXBuildFile; fileRef = 9E579287179971F000979928 /* headerBar@2x.png */; };
		9E57928C179977EF00979928 /* TermsOfServiceViewController.m in Sources */ = {isa = PBXBuildFile; fileRef = 9E57928B179977EF00979928 /* TermsOfServiceViewController.m */; };
		9E57928F17997B4B00979928 /* backArrow.png in Resources */ = {isa = PBXBuildFile; fileRef = 9E57928D17997B4A00979928 /* backArrow.png */; };
		9E57929017997B4B00979928 /* backArrow@2x.png in Resources */ = {isa = PBXBuildFile; fileRef = 9E57928E17997B4A00979928 /* backArrow@2x.png */; };
		9E579293179982C000979928 /* ForgotPasswordViewController.m in Sources */ = {isa = PBXBuildFile; fileRef = 9E579292179982C000979928 /* ForgotPasswordViewController.m */; };
		9E5792981799881F00979928 /* makePrediction.png in Resources */ = {isa = PBXBuildFile; fileRef = 9E5792941799881D00979928 /* makePrediction.png */; };
		9E5792991799881F00979928 /* makePrediction@2x.png in Resources */ = {isa = PBXBuildFile; fileRef = 9E5792951799881D00979928 /* makePrediction@2x.png */; };
		9E57929A1799881F00979928 /* nav.png in Resources */ = {isa = PBXBuildFile; fileRef = 9E5792961799881D00979928 /* nav.png */; };
		9E57929B1799881F00979928 /* nav@2x.png in Resources */ = {isa = PBXBuildFile; fileRef = 9E5792971799881E00979928 /* nav@2x.png */; };
		9E708824178AF68E00F036A8 /* UIKit.framework in Frameworks */ = {isa = PBXBuildFile; fileRef = 9E708823178AF68E00F036A8 /* UIKit.framework */; };
		9E708826178AF68E00F036A8 /* Foundation.framework in Frameworks */ = {isa = PBXBuildFile; fileRef = 9E708825178AF68E00F036A8 /* Foundation.framework */; };
		9E708828178AF68E00F036A8 /* CoreGraphics.framework in Frameworks */ = {isa = PBXBuildFile; fileRef = 9E708827178AF68E00F036A8 /* CoreGraphics.framework */; };
		9E70882E178AF68E00F036A8 /* InfoPlist.strings in Resources */ = {isa = PBXBuildFile; fileRef = 9E70882C178AF68E00F036A8 /* InfoPlist.strings */; };
		9E708830178AF68E00F036A8 /* main.m in Sources */ = {isa = PBXBuildFile; fileRef = 9E70882F178AF68E00F036A8 /* main.m */; };
		9E708834178AF68E00F036A8 /* AppDelegate.m in Sources */ = {isa = PBXBuildFile; fileRef = 9E708833178AF68E00F036A8 /* AppDelegate.m */; };
		9E708836178AF68E00F036A8 /* Default.png in Resources */ = {isa = PBXBuildFile; fileRef = 9E708835178AF68E00F036A8 /* Default.png */; };
		9E708838178AF68E00F036A8 /* Default@2x.png in Resources */ = {isa = PBXBuildFile; fileRef = 9E708837178AF68E00F036A8 /* Default@2x.png */; };
		9E70883A178AF68E00F036A8 /* Default-568h@2x.png in Resources */ = {isa = PBXBuildFile; fileRef = 9E708839178AF68E00F036A8 /* Default-568h@2x.png */; };
		9E70883D178AF68E00F036A8 /* MainStoryboard.storyboard in Resources */ = {isa = PBXBuildFile; fileRef = 9E70883B178AF68E00F036A8 /* MainStoryboard.storyboard */; };
		9E70884C178AFF2F00F036A8 /* BaseWebRequest.m in Sources */ = {isa = PBXBuildFile; fileRef = 9E708848178AFF2F00F036A8 /* BaseWebRequest.m */; };
		9E70884D178AFF2F00F036A8 /* WelcomeViewController.m in Sources */ = {isa = PBXBuildFile; fileRef = 9E70884B178AFF2F00F036A8 /* WelcomeViewController.m */; };
/* End PBXBuildFile section */

/* Begin PBXFileReference section */
		9E066361178C3C7F00B3E974 /* JSON.h */ = {isa = PBXFileReference; fileEncoding = 4; lastKnownFileType = sourcecode.c.h; path = JSON.h; sourceTree = "<group>"; };
		9E066362178C3C7F00B3E974 /* NSObject+SBJSON.h */ = {isa = PBXFileReference; fileEncoding = 4; lastKnownFileType = sourcecode.c.h; path = "NSObject+SBJSON.h"; sourceTree = "<group>"; };
		9E066363178C3C7F00B3E974 /* NSObject+SBJSON.m */ = {isa = PBXFileReference; fileEncoding = 4; lastKnownFileType = sourcecode.c.objc; path = "NSObject+SBJSON.m"; sourceTree = "<group>"; };
		9E066364178C3C7F00B3E974 /* NSString+SBJSON.h */ = {isa = PBXFileReference; fileEncoding = 4; lastKnownFileType = sourcecode.c.h; path = "NSString+SBJSON.h"; sourceTree = "<group>"; };
		9E066365178C3C7F00B3E974 /* NSString+SBJSON.m */ = {isa = PBXFileReference; fileEncoding = 4; lastKnownFileType = sourcecode.c.objc; path = "NSString+SBJSON.m"; sourceTree = "<group>"; };
		9E066366178C3C7F00B3E974 /* SBJSON.h */ = {isa = PBXFileReference; fileEncoding = 4; lastKnownFileType = sourcecode.c.h; path = SBJSON.h; sourceTree = "<group>"; };
		9E066367178C3C7F00B3E974 /* SBJSON.m */ = {isa = PBXFileReference; fileEncoding = 4; lastKnownFileType = sourcecode.c.objc; path = SBJSON.m; sourceTree = "<group>"; };
		9E066368178C3C7F00B3E974 /* SBJsonBase.h */ = {isa = PBXFileReference; fileEncoding = 4; lastKnownFileType = sourcecode.c.h; path = SBJsonBase.h; sourceTree = "<group>"; };
		9E066369178C3C7F00B3E974 /* SBJsonBase.m */ = {isa = PBXFileReference; fileEncoding = 4; lastKnownFileType = sourcecode.c.objc; path = SBJsonBase.m; sourceTree = "<group>"; };
		9E06636A178C3C7F00B3E974 /* SBJsonParser.h */ = {isa = PBXFileReference; fileEncoding = 4; lastKnownFileType = sourcecode.c.h; path = SBJsonParser.h; sourceTree = "<group>"; };
		9E06636B178C3C7F00B3E974 /* SBJsonParser.m */ = {isa = PBXFileReference; fileEncoding = 4; lastKnownFileType = sourcecode.c.objc; path = SBJsonParser.m; sourceTree = "<group>"; };
		9E06636C178C3C7F00B3E974 /* SBJsonWriter.h */ = {isa = PBXFileReference; fileEncoding = 4; lastKnownFileType = sourcecode.c.h; path = SBJsonWriter.h; sourceTree = "<group>"; };
		9E06636D178C3C7F00B3E974 /* SBJsonWriter.m */ = {isa = PBXFileReference; fileEncoding = 4; lastKnownFileType = sourcecode.c.objc; path = SBJsonWriter.m; sourceTree = "<group>"; };
		9E066375178C3EFF00B3E974 /* User.h */ = {isa = PBXFileReference; fileEncoding = 4; lastKnownFileType = sourcecode.c.h; path = User.h; sourceTree = "<group>"; };
		9E066376178C3EFF00B3E974 /* User.m */ = {isa = PBXFileReference; fileEncoding = 4; lastKnownFileType = sourcecode.c.objc; path = User.m; sourceTree = "<group>"; };
		9E066378178C407300B3E974 /* Prediction.h */ = {isa = PBXFileReference; fileEncoding = 4; lastKnownFileType = sourcecode.c.h; path = Prediction.h; sourceTree = "<group>"; };
		9E066379178C407300B3E974 /* Prediction.m */ = {isa = PBXFileReference; fileEncoding = 4; lastKnownFileType = sourcecode.c.objc; path = Prediction.m; sourceTree = "<group>"; };
		9E06637B178C560000B3E974 /* Topic.h */ = {isa = PBXFileReference; fileEncoding = 4; lastKnownFileType = sourcecode.c.h; path = Topic.h; sourceTree = "<group>"; };
		9E06637C178C560000B3E974 /* Topic.m */ = {isa = PBXFileReference; fileEncoding = 4; lastKnownFileType = sourcecode.c.objc; path = Topic.m; sourceTree = "<group>"; };
		9E06637E178EAE2000B3E974 /* PredictionsWebRequest.h */ = {isa = PBXFileReference; fileEncoding = 4; lastKnownFileType = sourcecode.c.h; path = PredictionsWebRequest.h; sourceTree = "<group>"; };
		9E06637F178EAE2000B3E974 /* PredictionsWebRequest.m */ = {isa = PBXFileReference; fileEncoding = 4; lastKnownFileType = sourcecode.c.objc; path = PredictionsWebRequest.m; sourceTree = "<group>"; };
		9E066381179026B100B3E974 /* LoginWebRequest.h */ = {isa = PBXFileReference; fileEncoding = 4; lastKnownFileType = sourcecode.c.h; path = LoginWebRequest.h; sourceTree = "<group>"; };
		9E066382179026B200B3E974 /* LoginWebRequest.m */ = {isa = PBXFileReference; fileEncoding = 4; lastKnownFileType = sourcecode.c.objc; path = LoginWebRequest.m; sourceTree = "<group>"; };
		9E066384179038FE00B3E974 /* SignUpRequest.h */ = {isa = PBXFileReference; fileEncoding = 4; lastKnownFileType = sourcecode.c.h; path = SignUpRequest.h; sourceTree = "<group>"; };
		9E066385179038FE00B3E974 /* SignUpRequest.m */ = {isa = PBXFileReference; fileEncoding = 4; lastKnownFileType = sourcecode.c.objc; path = SignUpRequest.m; sourceTree = "<group>"; };
		9E06638717903C3A00B3E974 /* AddPredictionRequest.h */ = {isa = PBXFileReference; fileEncoding = 4; lastKnownFileType = sourcecode.c.h; path = AddPredictionRequest.h; sourceTree = "<group>"; };
		9E06638817903C3A00B3E974 /* AddPredictionRequest.m */ = {isa = PBXFileReference; fileEncoding = 4; lastKnownFileType = sourcecode.c.objc; path = AddPredictionRequest.m; sourceTree = "<group>"; };
		9E06639017959A2100B3E974 /* greenBg.png */ = {isa = PBXFileReference; lastKnownFileType = image.png; path = greenBg.png; sourceTree = "<group>"; };
		9E06639117959A2100B3E974 /* greenBg@2x.png */ = {isa = PBXFileReference; lastKnownFileType = image.png; path = "greenBg@2x.png"; sourceTree = "<group>"; };
		9E06639217959A2100B3E974 /* knoda_logo_lg.png */ = {isa = PBXFileReference; lastKnownFileType = image.png; path = knoda_logo_lg.png; sourceTree = "<group>"; };
		9E06639317959A2100B3E974 /* knoda_logo_lg@2x.png */ = {isa = PBXFileReference; lastKnownFileType = image.png; path = "knoda_logo_lg@2x.png"; sourceTree = "<group>"; };
		9E06639817959A4C00B3E974 /* HelveticaNeue.dfont */ = {isa = PBXFileReference; lastKnownFileType = file; name = HelveticaNeue.dfont; path = Fonts/HelveticaNeue.dfont; sourceTree = "<group>"; };
		9E06639917959A4C00B3E974 /* KronaOne-Regular.ttf */ = {isa = PBXFileReference; lastKnownFileType = file; name = "KronaOne-Regular.ttf"; path = "Fonts/KronaOne-Regular.ttf"; sourceTree = "<group>"; };
		9E5792441795A43300979928 /* circleArrow.png */ = {isa = PBXFileReference; lastKnownFileType = image.png; path = circleArrow.png; sourceTree = "<group>"; };
		9E5792451795A43300979928 /* circleArrow@2x.png */ = {isa = PBXFileReference; lastKnownFileType = image.png; path = "circleArrow@2x.png"; sourceTree = "<group>"; };
		9E5792481795A4D500979928 /* knoda_logo_sm.png */ = {isa = PBXFileReference; lastKnownFileType = image.png; path = knoda_logo_sm.png; sourceTree = "<group>"; };
		9E5792491795A4D500979928 /* knoda_logo_sm@2x.png */ = {isa = PBXFileReference; lastKnownFileType = image.png; path = "knoda_logo_sm@2x.png"; sourceTree = "<group>"; };
		9E57924C1795A8D300979928 /* LoginViewController.h */ = {isa = PBXFileReference; fileEncoding = 4; lastKnownFileType = sourcecode.c.h; path = LoginViewController.h; sourceTree = "<group>"; };
		9E57924D1795A8D300979928 /* LoginViewController.m */ = {isa = PBXFileReference; fileEncoding = 4; lastKnownFileType = sourcecode.c.objc; path = LoginViewController.m; sourceTree = "<group>"; };
		9E5792501796C3B900979928 /* CustomizedTextField.h */ = {isa = PBXFileReference; fileEncoding = 4; lastKnownFileType = sourcecode.c.h; path = CustomizedTextField.h; sourceTree = "<group>"; };
		9E5792511796C3B900979928 /* CustomizedTextField.m */ = {isa = PBXFileReference; fileEncoding = 4; lastKnownFileType = sourcecode.c.objc; path = CustomizedTextField.m; sourceTree = "<group>"; };
		9E5792531796E04D00979928 /* btn_login_green.png */ = {isa = PBXFileReference; lastKnownFileType = image.png; path = btn_login_green.png; sourceTree = "<group>"; };
		9E5792541796E04D00979928 /* btn_login_green@2x.png */ = {isa = PBXFileReference; lastKnownFileType = image.png; path = "btn_login_green@2x.png"; sourceTree = "<group>"; };
		9E5792551796E04D00979928 /* btn_login_light.png */ = {isa = PBXFileReference; lastKnownFileType = image.png; path = btn_login_light.png; sourceTree = "<group>"; };
		9E5792561796E04D00979928 /* btn_login_light@2x.png */ = {isa = PBXFileReference; lastKnownFileType = image.png; path = "btn_login_light@2x.png"; sourceTree = "<group>"; };
		9E5792571796E04D00979928 /* btn_signup_gray.png */ = {isa = PBXFileReference; lastKnownFileType = image.png; path = btn_signup_gray.png; sourceTree = "<group>"; };
		9E5792581796E04D00979928 /* btn_signup_gray@2x.png */ = {isa = PBXFileReference; lastKnownFileType = image.png; path = "btn_signup_gray@2x.png"; sourceTree = "<group>"; };
		9E5792591796E04D00979928 /* btn_signup_green.png */ = {isa = PBXFileReference; lastKnownFileType = image.png; path = btn_signup_green.png; sourceTree = "<group>"; };
		9E57925A1796E04D00979928 /* btn_signup_green@2x.png */ = {isa = PBXFileReference; lastKnownFileType = image.png; path = "btn_signup_green@2x.png"; sourceTree = "<group>"; };
		9E5792631798345400979928 /* errormessage.png */ = {isa = PBXFileReference; lastKnownFileType = image.png; path = errormessage.png; sourceTree = "<group>"; };
		9E5792641798345400979928 /* errormessage@2x.png */ = {isa = PBXFileReference; lastKnownFileType = image.png; path = "errormessage@2x.png"; sourceTree = "<group>"; };
		9E57926717983CE200979928 /* field_btm.png */ = {isa = PBXFileReference; lastKnownFileType = image.png; path = field_btm.png; sourceTree = "<group>"; };
		9E57926817983CE200979928 /* field_btm@2x.png */ = {isa = PBXFileReference; lastKnownFileType = image.png; path = "field_btm@2x.png"; sourceTree = "<group>"; };
		9E57926917983CE300979928 /* field_middle.png */ = {isa = PBXFileReference; lastKnownFileType = image.png; path = field_middle.png; sourceTree = "<group>"; };
		9E57926A17983CE300979928 /* field_middle@2x.png */ = {isa = PBXFileReference; lastKnownFileType = image.png; path = "field_middle@2x.png"; sourceTree = "<group>"; };
		9E57926B17983CE300979928 /* field_top.png */ = {isa = PBXFileReference; lastKnownFileType = image.png; path = field_top.png; sourceTree = "<group>"; };
		9E57926C17983CE300979928 /* field_top@2x.png */ = {isa = PBXFileReference; lastKnownFileType = image.png; path = "field_top@2x.png"; sourceTree = "<group>"; };
		9E579273179841AF00979928 /* down_login_small.png */ = {isa = PBXFileReference; lastKnownFileType = image.png; path = down_login_small.png; sourceTree = "<group>"; };
		9E579274179841AF00979928 /* down_login_small@2x.png */ = {isa = PBXFileReference; lastKnownFileType = image.png; path = "down_login_small@2x.png"; sourceTree = "<group>"; };
		9E579275179841AF00979928 /* down_login.png */ = {isa = PBXFileReference; lastKnownFileType = image.png; path = down_login.png; sourceTree = "<group>"; };
		9E579276179841AF00979928 /* down_login@2x.png */ = {isa = PBXFileReference; lastKnownFileType = image.png; path = "down_login@2x.png"; sourceTree = "<group>"; };
		9E579277179841B000979928 /* down_signup_small.png */ = {isa = PBXFileReference; lastKnownFileType = image.png; path = down_signup_small.png; sourceTree = "<group>"; };
		9E579278179841B000979928 /* down_signup_small@2x.png */ = {isa = PBXFileReference; lastKnownFileType = image.png; path = "down_signup_small@2x.png"; sourceTree = "<group>"; };
		9E579279179841B000979928 /* down_signup.png */ = {isa = PBXFileReference; lastKnownFileType = image.png; path = down_signup.png; sourceTree = "<group>"; };
		9E57927A179841B000979928 /* down_signup@2x.png */ = {isa = PBXFileReference; lastKnownFileType = image.png; path = "down_signup@2x.png"; sourceTree = "<group>"; };
		9E5792831798466100979928 /* SignUpViewController.h */ = {isa = PBXFileReference; fileEncoding = 4; lastKnownFileType = sourcecode.c.h; path = SignUpViewController.h; sourceTree = "<group>"; };
		9E5792841798466100979928 /* SignUpViewController.m */ = {isa = PBXFileReference; fileEncoding = 4; lastKnownFileType = sourcecode.c.objc; path = SignUpViewController.m; sourceTree = "<group>"; };
		9E579286179971F000979928 /* headerBar.png */ = {isa = PBXFileReference; lastKnownFileType = image.png; path = headerBar.png; sourceTree = "<group>"; };
		9E579287179971F000979928 /* headerBar@2x.png */ = {isa = PBXFileReference; lastKnownFileType = image.png; path = "headerBar@2x.png"; sourceTree = "<group>"; };
		9E57928A179977EF00979928 /* TermsOfServiceViewController.h */ = {isa = PBXFileReference; fileEncoding = 4; lastKnownFileType = sourcecode.c.h; path = TermsOfServiceViewController.h; sourceTree = "<group>"; };
		9E57928B179977EF00979928 /* TermsOfServiceViewController.m */ = {isa = PBXFileReference; fileEncoding = 4; lastKnownFileType = sourcecode.c.objc; path = TermsOfServiceViewController.m; sourceTree = "<group>"; };
		9E57928D17997B4A00979928 /* backArrow.png */ = {isa = PBXFileReference; lastKnownFileType = image.png; path = backArrow.png; sourceTree = "<group>"; };
		9E57928E17997B4A00979928 /* backArrow@2x.png */ = {isa = PBXFileReference; lastKnownFileType = image.png; path = "backArrow@2x.png"; sourceTree = "<group>"; };
		9E579291179982C000979928 /* ForgotPasswordViewController.h */ = {isa = PBXFileReference; fileEncoding = 4; lastKnownFileType = sourcecode.c.h; path = ForgotPasswordViewController.h; sourceTree = "<group>"; };
		9E579292179982C000979928 /* ForgotPasswordViewController.m */ = {isa = PBXFileReference; fileEncoding = 4; lastKnownFileType = sourcecode.c.objc; path = ForgotPasswordViewController.m; sourceTree = "<group>"; };
		9E5792941799881D00979928 /* makePrediction.png */ = {isa = PBXFileReference; lastKnownFileType = image.png; path = makePrediction.png; sourceTree = "<group>"; };
		9E5792951799881D00979928 /* makePrediction@2x.png */ = {isa = PBXFileReference; lastKnownFileType = image.png; path = "makePrediction@2x.png"; sourceTree = "<group>"; };
		9E5792961799881D00979928 /* nav.png */ = {isa = PBXFileReference; lastKnownFileType = image.png; path = nav.png; sourceTree = "<group>"; };
		9E5792971799881E00979928 /* nav@2x.png */ = {isa = PBXFileReference; lastKnownFileType = image.png; path = "nav@2x.png"; sourceTree = "<group>"; };
		9E708820178AF68E00F036A8 /* KnodaIPhoneApp.app */ = {isa = PBXFileReference; explicitFileType = wrapper.application; includeInIndex = 0; path = KnodaIPhoneApp.app; sourceTree = BUILT_PRODUCTS_DIR; };
		9E708823178AF68E00F036A8 /* UIKit.framework */ = {isa = PBXFileReference; lastKnownFileType = wrapper.framework; name = UIKit.framework; path = System/Library/Frameworks/UIKit.framework; sourceTree = SDKROOT; };
		9E708825178AF68E00F036A8 /* Foundation.framework */ = {isa = PBXFileReference; lastKnownFileType = wrapper.framework; name = Foundation.framework; path = System/Library/Frameworks/Foundation.framework; sourceTree = SDKROOT; };
		9E708827178AF68E00F036A8 /* CoreGraphics.framework */ = {isa = PBXFileReference; lastKnownFileType = wrapper.framework; name = CoreGraphics.framework; path = System/Library/Frameworks/CoreGraphics.framework; sourceTree = SDKROOT; };
		9E70882B178AF68E00F036A8 /* KnodaIPhoneApp-Info.plist */ = {isa = PBXFileReference; lastKnownFileType = text.plist.xml; path = "KnodaIPhoneApp-Info.plist"; sourceTree = "<group>"; };
		9E70882D178AF68E00F036A8 /* en */ = {isa = PBXFileReference; lastKnownFileType = text.plist.strings; name = en; path = en.lproj/InfoPlist.strings; sourceTree = "<group>"; };
		9E70882F178AF68E00F036A8 /* main.m */ = {isa = PBXFileReference; lastKnownFileType = sourcecode.c.objc; path = main.m; sourceTree = "<group>"; };
		9E708831178AF68E00F036A8 /* KnodaIPhoneApp-Prefix.pch */ = {isa = PBXFileReference; lastKnownFileType = sourcecode.c.h; path = "KnodaIPhoneApp-Prefix.pch"; sourceTree = "<group>"; };
		9E708832178AF68E00F036A8 /* AppDelegate.h */ = {isa = PBXFileReference; lastKnownFileType = sourcecode.c.h; path = AppDelegate.h; sourceTree = "<group>"; };
		9E708833178AF68E00F036A8 /* AppDelegate.m */ = {isa = PBXFileReference; lastKnownFileType = sourcecode.c.objc; path = AppDelegate.m; sourceTree = "<group>"; };
		9E708835178AF68E00F036A8 /* Default.png */ = {isa = PBXFileReference; lastKnownFileType = image.png; path = Default.png; sourceTree = "<group>"; };
		9E708837178AF68E00F036A8 /* Default@2x.png */ = {isa = PBXFileReference; lastKnownFileType = image.png; path = "Default@2x.png"; sourceTree = "<group>"; };
		9E708839178AF68E00F036A8 /* Default-568h@2x.png */ = {isa = PBXFileReference; lastKnownFileType = image.png; path = "Default-568h@2x.png"; sourceTree = "<group>"; };
		9E70883C178AF68E00F036A8 /* en */ = {isa = PBXFileReference; lastKnownFileType = file.storyboard; name = en; path = en.lproj/MainStoryboard.storyboard; sourceTree = "<group>"; };
		9E708847178AFF2F00F036A8 /* BaseWebRequest.h */ = {isa = PBXFileReference; fileEncoding = 4; lastKnownFileType = sourcecode.c.h; path = BaseWebRequest.h; sourceTree = "<group>"; };
		9E708848178AFF2F00F036A8 /* BaseWebRequest.m */ = {isa = PBXFileReference; fileEncoding = 4; lastKnownFileType = sourcecode.c.objc; path = BaseWebRequest.m; sourceTree = "<group>"; };
		9E70884A178AFF2F00F036A8 /* WelcomeViewController.h */ = {isa = PBXFileReference; fileEncoding = 4; lastKnownFileType = sourcecode.c.h; path = WelcomeViewController.h; sourceTree = "<group>"; };
		9E70884B178AFF2F00F036A8 /* WelcomeViewController.m */ = {isa = PBXFileReference; fileEncoding = 4; lastKnownFileType = sourcecode.c.objc; path = WelcomeViewController.m; sourceTree = "<group>"; };
/* End PBXFileReference section */

/* Begin PBXFrameworksBuildPhase section */
		9E70881D178AF68E00F036A8 /* Frameworks */ = {
			isa = PBXFrameworksBuildPhase;
			buildActionMask = 2147483647;
			files = (
				9E708824178AF68E00F036A8 /* UIKit.framework in Frameworks */,
				9E708826178AF68E00F036A8 /* Foundation.framework in Frameworks */,
				9E708828178AF68E00F036A8 /* CoreGraphics.framework in Frameworks */,
			);
			runOnlyForDeploymentPostprocessing = 0;
		};
/* End PBXFrameworksBuildPhase section */

/* Begin PBXGroup section */
		9E06635F178C3C7F00B3E974 /* Thirdparty */ = {
			isa = PBXGroup;
			children = (
				9E066360178C3C7F00B3E974 /* SBJSON */,
			);
			path = Thirdparty;
			sourceTree = "<group>";
		};
		9E066360178C3C7F00B3E974 /* SBJSON */ = {
			isa = PBXGroup;
			children = (
				9E066361178C3C7F00B3E974 /* JSON.h */,
				9E066362178C3C7F00B3E974 /* NSObject+SBJSON.h */,
				9E066363178C3C7F00B3E974 /* NSObject+SBJSON.m */,
				9E066364178C3C7F00B3E974 /* NSString+SBJSON.h */,
				9E066365178C3C7F00B3E974 /* NSString+SBJSON.m */,
				9E066366178C3C7F00B3E974 /* SBJSON.h */,
				9E066367178C3C7F00B3E974 /* SBJSON.m */,
				9E066368178C3C7F00B3E974 /* SBJsonBase.h */,
				9E066369178C3C7F00B3E974 /* SBJsonBase.m */,
				9E06636A178C3C7F00B3E974 /* SBJsonParser.h */,
				9E06636B178C3C7F00B3E974 /* SBJsonParser.m */,
				9E06636C178C3C7F00B3E974 /* SBJsonWriter.h */,
				9E06636D178C3C7F00B3E974 /* SBJsonWriter.m */,
			);
			path = SBJSON;
			sourceTree = "<group>";
		};
		9E066374178C3EE200B3E974 /* Model */ = {
			isa = PBXGroup;
			children = (
				9E066375178C3EFF00B3E974 /* User.h */,
				9E066376178C3EFF00B3E974 /* User.m */,
				9E066378178C407300B3E974 /* Prediction.h */,
				9E066379178C407300B3E974 /* Prediction.m */,
				9E06637B178C560000B3E974 /* Topic.h */,
				9E06637C178C560000B3E974 /* Topic.m */,
			);
			path = Model;
			sourceTree = "<group>";
		};
		9E06638A179598FC00B3E974 /* Resources */ = {
			isa = PBXGroup;
			children = (
				9E06639817959A4C00B3E974 /* HelveticaNeue.dfont */,
				9E06639917959A4C00B3E974 /* KronaOne-Regular.ttf */,
				9E06638B179598FD00B3E974 /* Images */,
			);
			path = Resources;
			sourceTree = "<group>";
		};
		9E06638B179598FD00B3E974 /* Images */ = {
			isa = PBXGroup;
			children = (
				9E5792941799881D00979928 /* makePrediction.png */,
				9E5792951799881D00979928 /* makePrediction@2x.png */,
				9E5792961799881D00979928 /* nav.png */,
				9E5792971799881E00979928 /* nav@2x.png */,
				9E57928D17997B4A00979928 /* backArrow.png */,
				9E57928E17997B4A00979928 /* backArrow@2x.png */,
				9E579286179971F000979928 /* headerBar.png */,
				9E579287179971F000979928 /* headerBar@2x.png */,
				9E579273179841AF00979928 /* down_login_small.png */,
				9E579274179841AF00979928 /* down_login_small@2x.png */,
				9E579275179841AF00979928 /* down_login.png */,
				9E579276179841AF00979928 /* down_login@2x.png */,
				9E579277179841B000979928 /* down_signup_small.png */,
				9E579278179841B000979928 /* down_signup_small@2x.png */,
				9E579279179841B000979928 /* down_signup.png */,
				9E57927A179841B000979928 /* down_signup@2x.png */,
				9E57926717983CE200979928 /* field_btm.png */,
				9E57926817983CE200979928 /* field_btm@2x.png */,
				9E57926917983CE300979928 /* field_middle.png */,
				9E57926A17983CE300979928 /* field_middle@2x.png */,
				9E57926B17983CE300979928 /* field_top.png */,
				9E57926C17983CE300979928 /* field_top@2x.png */,
				9E5792631798345400979928 /* errormessage.png */,
				9E5792641798345400979928 /* errormessage@2x.png */,
				9E5792531796E04D00979928 /* btn_login_green.png */,
				9E5792541796E04D00979928 /* btn_login_green@2x.png */,
				9E5792551796E04D00979928 /* btn_login_light.png */,
				9E5792561796E04D00979928 /* btn_login_light@2x.png */,
				9E5792571796E04D00979928 /* btn_signup_gray.png */,
				9E5792581796E04D00979928 /* btn_signup_gray@2x.png */,
				9E5792591796E04D00979928 /* btn_signup_green.png */,
				9E57925A1796E04D00979928 /* btn_signup_green@2x.png */,
				9E5792481795A4D500979928 /* knoda_logo_sm.png */,
				9E5792491795A4D500979928 /* knoda_logo_sm@2x.png */,
				9E5792441795A43300979928 /* circleArrow.png */,
				9E5792451795A43300979928 /* circleArrow@2x.png */,
				9E06639017959A2100B3E974 /* greenBg.png */,
				9E06639117959A2100B3E974 /* greenBg@2x.png */,
				9E06639217959A2100B3E974 /* knoda_logo_lg.png */,
				9E06639317959A2100B3E974 /* knoda_logo_lg@2x.png */,
			);
			path = Images;
			sourceTree = "<group>";
		};
		9E57924F1796C39200979928 /* Controls */ = {
			isa = PBXGroup;
			children = (
				9E5792501796C3B900979928 /* CustomizedTextField.h */,
				9E5792511796C3B900979928 /* CustomizedTextField.m */,
			);
			path = Controls;
			sourceTree = "<group>";
		};
		9E708817178AF68E00F036A8 = {
			isa = PBXGroup;
			children = (
				9E708829178AF68E00F036A8 /* KnodaIPhoneApp */,
				9E708822178AF68E00F036A8 /* Frameworks */,
				9E708821178AF68E00F036A8 /* Products */,
			);
			sourceTree = "<group>";
		};
		9E708821178AF68E00F036A8 /* Products */ = {
			isa = PBXGroup;
			children = (
				9E708820178AF68E00F036A8 /* KnodaIPhoneApp.app */,
			);
			name = Products;
			sourceTree = "<group>";
		};
		9E708822178AF68E00F036A8 /* Frameworks */ = {
			isa = PBXGroup;
			children = (
				9E708823178AF68E00F036A8 /* UIKit.framework */,
				9E708825178AF68E00F036A8 /* Foundation.framework */,
				9E708827178AF68E00F036A8 /* CoreGraphics.framework */,
			);
			name = Frameworks;
			sourceTree = "<group>";
		};
		9E708829178AF68E00F036A8 /* KnodaIPhoneApp */ = {
			isa = PBXGroup;
			children = (
				9E06638A179598FC00B3E974 /* Resources */,
				9E066374178C3EE200B3E974 /* Model */,
				9E06635F178C3C7F00B3E974 /* Thirdparty */,
				9E708846178AFF2F00F036A8 /* Networking */,
				9E708849178AFF2F00F036A8 /* UI */,
				9E708832178AF68E00F036A8 /* AppDelegate.h */,
				9E708833178AF68E00F036A8 /* AppDelegate.m */,
				9E70883B178AF68E00F036A8 /* MainStoryboard.storyboard */,
				9E70882A178AF68E00F036A8 /* Supporting Files */,
			);
			path = KnodaIPhoneApp;
			sourceTree = "<group>";
		};
		9E70882A178AF68E00F036A8 /* Supporting Files */ = {
			isa = PBXGroup;
			children = (
				9E70882B178AF68E00F036A8 /* KnodaIPhoneApp-Info.plist */,
				9E70882C178AF68E00F036A8 /* InfoPlist.strings */,
				9E70882F178AF68E00F036A8 /* main.m */,
				9E708831178AF68E00F036A8 /* KnodaIPhoneApp-Prefix.pch */,
				9E708835178AF68E00F036A8 /* Default.png */,
				9E708837178AF68E00F036A8 /* Default@2x.png */,
				9E708839178AF68E00F036A8 /* Default-568h@2x.png */,
			);
			name = "Supporting Files";
			sourceTree = "<group>";
		};
		9E708846178AFF2F00F036A8 /* Networking */ = {
			isa = PBXGroup;
			children = (
				9E708847178AFF2F00F036A8 /* BaseWebRequest.h */,
				9E708848178AFF2F00F036A8 /* BaseWebRequest.m */,
				9E06637E178EAE2000B3E974 /* PredictionsWebRequest.h */,
				9E06637F178EAE2000B3E974 /* PredictionsWebRequest.m */,
				9E066381179026B100B3E974 /* LoginWebRequest.h */,
				9E066382179026B200B3E974 /* LoginWebRequest.m */,
				9E066384179038FE00B3E974 /* SignUpRequest.h */,
				9E066385179038FE00B3E974 /* SignUpRequest.m */,
				9E06638717903C3A00B3E974 /* AddPredictionRequest.h */,
				9E06638817903C3A00B3E974 /* AddPredictionRequest.m */,
			);
			path = Networking;
			sourceTree = "<group>";
		};
		9E708849178AFF2F00F036A8 /* UI */ = {
			isa = PBXGroup;
			children = (
				9E57924F1796C39200979928 /* Controls */,
				9E70884A178AFF2F00F036A8 /* WelcomeViewController.h */,
				9E70884B178AFF2F00F036A8 /* WelcomeViewController.m */,
				9E57924C1795A8D300979928 /* LoginViewController.h */,
				9E57924D1795A8D300979928 /* LoginViewController.m */,
				9E5792831798466100979928 /* SignUpViewController.h */,
				9E5792841798466100979928 /* SignUpViewController.m */,
				9E57928A179977EF00979928 /* TermsOfServiceViewController.h */,
				9E57928B179977EF00979928 /* TermsOfServiceViewController.m */,
				9E579291179982C000979928 /* ForgotPasswordViewController.h */,
				9E579292179982C000979928 /* ForgotPasswordViewController.m */,
			);
			path = UI;
			sourceTree = "<group>";
		};
/* End PBXGroup section */

/* Begin PBXNativeTarget section */
		9E70881F178AF68E00F036A8 /* KnodaIPhoneApp */ = {
			isa = PBXNativeTarget;
			buildConfigurationList = 9E708843178AF68E00F036A8 /* Build configuration list for PBXNativeTarget "KnodaIPhoneApp" */;
			buildPhases = (
				9E70881C178AF68E00F036A8 /* Sources */,
				9E70881D178AF68E00F036A8 /* Frameworks */,
				9E70881E178AF68E00F036A8 /* Resources */,
			);
			buildRules = (
			);
			dependencies = (
			);
			name = KnodaIPhoneApp;
			productName = KnodaIPhoneApp;
			productReference = 9E708820178AF68E00F036A8 /* KnodaIPhoneApp.app */;
			productType = "com.apple.product-type.application";
		};
/* End PBXNativeTarget section */

/* Begin PBXProject section */
		9E708818178AF68E00F036A8 /* Project object */ = {
			isa = PBXProject;
			attributes = {
				LastUpgradeCheck = 0460;
				ORGANIZATIONNAME = Knoda;
			};
			buildConfigurationList = 9E70881B178AF68E00F036A8 /* Build configuration list for PBXProject "KnodaIPhoneApp" */;
			compatibilityVersion = "Xcode 3.2";
			developmentRegion = English;
			hasScannedForEncodings = 0;
			knownRegions = (
				en,
			);
			mainGroup = 9E708817178AF68E00F036A8;
			productRefGroup = 9E708821178AF68E00F036A8 /* Products */;
			projectDirPath = "";
			projectRoot = "";
			targets = (
				9E70881F178AF68E00F036A8 /* KnodaIPhoneApp */,
			);
		};
/* End PBXProject section */

/* Begin PBXResourcesBuildPhase section */
		9E70881E178AF68E00F036A8 /* Resources */ = {
			isa = PBXResourcesBuildPhase;
			buildActionMask = 2147483647;
			files = (
				9E70882E178AF68E00F036A8 /* InfoPlist.strings in Resources */,
				9E708836178AF68E00F036A8 /* Default.png in Resources */,
				9E708838178AF68E00F036A8 /* Default@2x.png in Resources */,
				9E70883A178AF68E00F036A8 /* Default-568h@2x.png in Resources */,
				9E70883D178AF68E00F036A8 /* MainStoryboard.storyboard in Resources */,
				9E06639417959A2100B3E974 /* greenBg.png in Resources */,
				9E06639517959A2100B3E974 /* greenBg@2x.png in Resources */,
				9E06639617959A2100B3E974 /* knoda_logo_lg.png in Resources */,
				9E06639717959A2100B3E974 /* knoda_logo_lg@2x.png in Resources */,
				9E06639A17959A4C00B3E974 /* HelveticaNeue.dfont in Resources */,
				9E06639B17959A4C00B3E974 /* KronaOne-Regular.ttf in Resources */,
				9E5792461795A43300979928 /* circleArrow.png in Resources */,
				9E5792471795A43300979928 /* circleArrow@2x.png in Resources */,
				9E57924A1795A4D500979928 /* knoda_logo_sm.png in Resources */,
				9E57924B1795A4D500979928 /* knoda_logo_sm@2x.png in Resources */,
				9E57925B1796E04D00979928 /* btn_login_green.png in Resources */,
				9E57925C1796E04D00979928 /* btn_login_green@2x.png in Resources */,
				9E57925D1796E04D00979928 /* btn_login_light.png in Resources */,
				9E57925E1796E04D00979928 /* btn_login_light@2x.png in Resources */,
				9E57925F1796E04D00979928 /* btn_signup_gray.png in Resources */,
				9E5792601796E04D00979928 /* btn_signup_gray@2x.png in Resources */,
				9E5792611796E04D00979928 /* btn_signup_green.png in Resources */,
				9E5792621796E04D00979928 /* btn_signup_green@2x.png in Resources */,
				9E5792651798345400979928 /* errormessage.png in Resources */,
				9E5792661798345400979928 /* errormessage@2x.png in Resources */,
				9E57926D17983CE300979928 /* field_btm.png in Resources */,
				9E57926E17983CE300979928 /* field_btm@2x.png in Resources */,
				9E57926F17983CE300979928 /* field_middle.png in Resources */,
				9E57927017983CE300979928 /* field_middle@2x.png in Resources */,
				9E57927117983CE300979928 /* field_top.png in Resources */,
				9E57927217983CE300979928 /* field_top@2x.png in Resources */,
				9E57927B179841B100979928 /* down_login_small.png in Resources */,
				9E57927C179841B100979928 /* down_login_small@2x.png in Resources */,
				9E57927D179841B100979928 /* down_login.png in Resources */,
				9E57927E179841B100979928 /* down_login@2x.png in Resources */,
				9E57927F179841B100979928 /* down_signup_small.png in Resources */,
				9E579280179841B100979928 /* down_signup_small@2x.png in Resources */,
				9E579281179841B100979928 /* down_signup.png in Resources */,
				9E579282179841B100979928 /* down_signup@2x.png in Resources */,
				9E579288179971F100979928 /* headerBar.png in Resources */,
				9E579289179971F100979928 /* headerBar@2x.png in Resources */,
				9E57928F17997B4B00979928 /* backArrow.png in Resources */,
				9E57929017997B4B00979928 /* backArrow@2x.png in Resources */,
				9E5792981799881F00979928 /* makePrediction.png in Resources */,
				9E5792991799881F00979928 /* makePrediction@2x.png in Resources */,
				9E57929A1799881F00979928 /* nav.png in Resources */,
				9E57929B1799881F00979928 /* nav@2x.png in Resources */,
			);
			runOnlyForDeploymentPostprocessing = 0;
		};
/* End PBXResourcesBuildPhase section */

/* Begin PBXSourcesBuildPhase section */
		9E70881C178AF68E00F036A8 /* Sources */ = {
			isa = PBXSourcesBuildPhase;
			buildActionMask = 2147483647;
			files = (
				9E708830178AF68E00F036A8 /* main.m in Sources */,
				9E708834178AF68E00F036A8 /* AppDelegate.m in Sources */,
				9E70884C178AFF2F00F036A8 /* BaseWebRequest.m in Sources */,
				9E70884D178AFF2F00F036A8 /* WelcomeViewController.m in Sources */,
				9E06636E178C3C7F00B3E974 /* NSObject+SBJSON.m in Sources */,
				9E06636F178C3C7F00B3E974 /* NSString+SBJSON.m in Sources */,
				9E066370178C3C7F00B3E974 /* SBJSON.m in Sources */,
				9E066371178C3C7F00B3E974 /* SBJsonBase.m in Sources */,
				9E066372178C3C7F00B3E974 /* SBJsonParser.m in Sources */,
				9E066373178C3C7F00B3E974 /* SBJsonWriter.m in Sources */,
				9E066377178C3EFF00B3E974 /* User.m in Sources */,
				9E06637A178C407300B3E974 /* Prediction.m in Sources */,
				9E06637D178C560000B3E974 /* Topic.m in Sources */,
				9E066380178EAE2000B3E974 /* PredictionsWebRequest.m in Sources */,
				9E066383179026B200B3E974 /* LoginWebRequest.m in Sources */,
				9E066386179038FE00B3E974 /* SignUpRequest.m in Sources */,
				9E06638917903C3A00B3E974 /* AddPredictionRequest.m in Sources */,
				9E57924E1795A8D300979928 /* LoginViewController.m in Sources */,
				9E5792521796C3B900979928 /* CustomizedTextField.m in Sources */,
				9E5792851798466100979928 /* SignUpViewController.m in Sources */,
				9E57928C179977EF00979928 /* TermsOfServiceViewController.m in Sources */,
				9E579293179982C000979928 /* ForgotPasswordViewController.m in Sources */,
			);
			runOnlyForDeploymentPostprocessing = 0;
		};
/* End PBXSourcesBuildPhase section */

/* Begin PBXVariantGroup section */
		9E70882C178AF68E00F036A8 /* InfoPlist.strings */ = {
			isa = PBXVariantGroup;
			children = (
				9E70882D178AF68E00F036A8 /* en */,
			);
			name = InfoPlist.strings;
			sourceTree = "<group>";
		};
		9E70883B178AF68E00F036A8 /* MainStoryboard.storyboard */ = {
			isa = PBXVariantGroup;
			children = (
				9E70883C178AF68E00F036A8 /* en */,
			);
			name = MainStoryboard.storyboard;
			sourceTree = "<group>";
		};
/* End PBXVariantGroup section */

/* Begin XCBuildConfiguration section */
		9E708841178AF68E00F036A8 /* Debug */ = {
			isa = XCBuildConfiguration;
			buildSettings = {
				ALWAYS_SEARCH_USER_PATHS = NO;
				CLANG_CXX_LANGUAGE_STANDARD = "gnu++0x";
				CLANG_CXX_LIBRARY = "libc++";
				CLANG_ENABLE_OBJC_ARC = YES;
				CLANG_WARN_CONSTANT_CONVERSION = YES;
				CLANG_WARN_EMPTY_BODY = YES;
				CLANG_WARN_ENUM_CONVERSION = YES;
				CLANG_WARN_INT_CONVERSION = YES;
				CLANG_WARN__DUPLICATE_METHOD_MATCH = YES;
				"CODE_SIGN_IDENTITY[sdk=iphoneos*]" = "iPhone Developer";
				COPY_PHASE_STRIP = NO;
				GCC_C_LANGUAGE_STANDARD = gnu99;
				GCC_DYNAMIC_NO_PIC = NO;
				GCC_OPTIMIZATION_LEVEL = 0;
				GCC_PREPROCESSOR_DEFINITIONS = (
					"DEBUG=1",
					"$(inherited)",
				);
				GCC_SYMBOLS_PRIVATE_EXTERN = NO;
				GCC_WARN_ABOUT_RETURN_TYPE = YES;
				GCC_WARN_UNINITIALIZED_AUTOS = YES;
				GCC_WARN_UNUSED_VARIABLE = YES;
				IPHONEOS_DEPLOYMENT_TARGET = 6.1;
				ONLY_ACTIVE_ARCH = YES;
				SDKROOT = iphoneos;
			};
			name = Debug;
		};
		9E708842178AF68E00F036A8 /* Release */ = {
			isa = XCBuildConfiguration;
			buildSettings = {
				ALWAYS_SEARCH_USER_PATHS = NO;
				CLANG_CXX_LANGUAGE_STANDARD = "gnu++0x";
				CLANG_CXX_LIBRARY = "libc++";
				CLANG_ENABLE_OBJC_ARC = YES;
				CLANG_WARN_CONSTANT_CONVERSION = YES;
				CLANG_WARN_EMPTY_BODY = YES;
				CLANG_WARN_ENUM_CONVERSION = YES;
				CLANG_WARN_INT_CONVERSION = YES;
				CLANG_WARN__DUPLICATE_METHOD_MATCH = YES;
				"CODE_SIGN_IDENTITY[sdk=iphoneos*]" = "iPhone Developer";
				COPY_PHASE_STRIP = YES;
				GCC_C_LANGUAGE_STANDARD = gnu99;
				GCC_WARN_ABOUT_RETURN_TYPE = YES;
				GCC_WARN_UNINITIALIZED_AUTOS = YES;
				GCC_WARN_UNUSED_VARIABLE = YES;
				IPHONEOS_DEPLOYMENT_TARGET = 6.1;
				OTHER_CFLAGS = "-DNS_BLOCK_ASSERTIONS=1";
				SDKROOT = iphoneos;
				VALIDATE_PRODUCT = YES;
			};
			name = Release;
		};
		9E708844178AF68E00F036A8 /* Debug */ = {
			isa = XCBuildConfiguration;
			buildSettings = {
				GCC_PRECOMPILE_PREFIX_HEADER = YES;
				GCC_PREFIX_HEADER = "KnodaIPhoneApp/KnodaIPhoneApp-Prefix.pch";
				INFOPLIST_FILE = "KnodaIPhoneApp/KnodaIPhoneApp-Info.plist";
				IPHONEOS_DEPLOYMENT_TARGET = 5.0;
				PRODUCT_NAME = "$(TARGET_NAME)";
				WRAPPER_EXTENSION = app;
			};
			name = Debug;
		};
		9E708845178AF68E00F036A8 /* Release */ = {
			isa = XCBuildConfiguration;
			buildSettings = {
				GCC_PRECOMPILE_PREFIX_HEADER = YES;
				GCC_PREFIX_HEADER = "KnodaIPhoneApp/KnodaIPhoneApp-Prefix.pch";
				INFOPLIST_FILE = "KnodaIPhoneApp/KnodaIPhoneApp-Info.plist";
				IPHONEOS_DEPLOYMENT_TARGET = 5.0;
				PRODUCT_NAME = "$(TARGET_NAME)";
				WRAPPER_EXTENSION = app;
			};
			name = Release;
		};
/* End XCBuildConfiguration section */

/* Begin XCConfigurationList section */
		9E70881B178AF68E00F036A8 /* Build configuration list for PBXProject "KnodaIPhoneApp" */ = {
			isa = XCConfigurationList;
			buildConfigurations = (
				9E708841178AF68E00F036A8 /* Debug */,
				9E708842178AF68E00F036A8 /* Release */,
			);
			defaultConfigurationIsVisible = 0;
			defaultConfigurationName = Release;
		};
		9E708843178AF68E00F036A8 /* Build configuration list for PBXNativeTarget "KnodaIPhoneApp" */ = {
			isa = XCConfigurationList;
			buildConfigurations = (
				9E708844178AF68E00F036A8 /* Debug */,
				9E708845178AF68E00F036A8 /* Release */,
			);
			defaultConfigurationIsVisible = 0;
			defaultConfigurationName = Release;
		};
/* End XCConfigurationList section */
	};
	rootObject = 9E708818178AF68E00F036A8 /* Project object */;
}
